<Solution>
  <Folder Name="/Core/">
    <Project Path="../Shared/SharpEngine.Identity/SharpEngine.Identity.csproj" />
    <Project Path="../Shared/SharpEngine.Rest/SharpEngine.Rest.csproj" />
    <Project Path="../Shared/SharpEngine.Shared/SharpEngine.Shared.csproj" />
  </Folder>
  <Project Path="Portal.Backend/Portal.Backend.csproj" />
  <Project Path="Portal.Database/Portal.Database.csproj" Id="a1d45c26-40b8-4710-888f-0dd606dfeb4e" />
</Solution>
